// !$*UTF8*$!
{
	archiveVersion = 1;
	classes = {
	};
	objectVersion = 56;
	objects = {

/* Begin PBXBuildFile section */
		6379A8162914AB2900E1DB6E /* AppDelegate.swift in Sources */ = {isa = PBXBuildFile; fileRef = 6379A8152914AB2900E1DB6E /* AppDelegate.swift */; };
		6379A8182914AB2900E1DB6E /* SceneDelegate.swift in Sources */ = {isa = PBXBuildFile; fileRef = 6379A8172914AB2900E1DB6E /* SceneDelegate.swift */; };
		6379A81A2914AB2900E1DB6E /* ReminderListViewController.swift in Sources */ = {isa = PBXBuildFile; fileRef = 6379A8192914AB2900E1DB6E /* ReminderListViewController.swift */; };
		6379A81D2914AB2900E1DB6E /* Main.storyboard in Resources */ = {isa = PBXBuildFile; fileRef = 6379A81B2914AB2900E1DB6E /* Main.storyboard */; };
		6379A81F2914AB2B00E1DB6E /* Assets.xcassets in Resources */ = {isa = PBXBuildFile; fileRef = 6379A81E2914AB2B00E1DB6E /* Assets.xcassets */; };
		6379A8222914AB2B00E1DB6E /* LaunchScreen.storyboard in Resources */ = {isa = PBXBuildFile; fileRef = 6379A8202914AB2B00E1DB6E /* LaunchScreen.storyboard */; };
		6379A82B2914D01400E1DB6E /* Reminder.swift in Sources */ = {isa = PBXBuildFile; fileRef = 6379A82A2914D01400E1DB6E /* Reminder.swift */; };
		6379A82D2914E3DF00E1DB6E /* UIColoe+Today.swift in Sources */ = {isa = PBXBuildFile; fileRef = 6379A82C2914E3DF00E1DB6E /* UIColoe+Today.swift */; };
		6379A82F2914E3E600E1DB6E /* Date+Today.swift in Sources */ = {isa = PBXBuildFile; fileRef = 6379A82E2914E3E600E1DB6E /* Date+Today.swift */; };
		6379A8322914E9AF00E1DB6E /* ReminderListViewController+DataSource.swift in Sources */ = {isa = PBXBuildFile; fileRef = 6379A8312914E9AF00E1DB6E /* ReminderListViewController+DataSource.swift */; };
		6379A83429162D0500E1DB6E /* ReminderDoneButton.swift in Sources */ = {isa = PBXBuildFile; fileRef = 6379A83329162D0500E1DB6E /* ReminderDoneButton.swift */; };
/* End PBXBuildFile section */

/* Begin PBXFileReference section */
		6379A8122914AB2900E1DB6E /* HappyToday.app */ = {isa = PBXFileReference; explicitFileType = wrapper.application; includeInIndex = 0; path = HappyToday.app; sourceTree = BUILT_PRODUCTS_DIR; };
		6379A8152914AB2900E1DB6E /* AppDelegate.swift */ = {isa = PBXFileReference; lastKnownFileType = sourcecode.swift; path = AppDelegate.swift; sourceTree = "<group>"; };
		6379A8172914AB2900E1DB6E /* SceneDelegate.swift */ = {isa = PBXFileReference; lastKnownFileType = sourcecode.swift; path = SceneDelegate.swift; sourceTree = "<group>"; };
		6379A8192914AB2900E1DB6E /* ReminderListViewController.swift */ = {isa = PBXFileReference; lastKnownFileType = sourcecode.swift; path = ReminderListViewController.swift; sourceTree = "<group>"; };
		6379A81C2914AB2900E1DB6E /* Base */ = {isa = PBXFileReference; lastKnownFileType = file.storyboard; name = Base; path = Base.lproj/Main.storyboard; sourceTree = "<group>"; };
		6379A81E2914AB2B00E1DB6E /* Assets.xcassets */ = {isa = PBXFileReference; lastKnownFileType = folder.assetcatalog; path = Assets.xcassets; sourceTree = "<group>"; };
		6379A8212914AB2B00E1DB6E /* Base */ = {isa = PBXFileReference; lastKnownFileType = file.storyboard; name = Base; path = Base.lproj/LaunchScreen.storyboard; sourceTree = "<group>"; };
		6379A8232914AB2B00E1DB6E /* Info.plist */ = {isa = PBXFileReference; lastKnownFileType = text.plist.xml; path = Info.plist; sourceTree = "<group>"; };
		6379A82A2914D01400E1DB6E /* Reminder.swift */ = {isa = PBXFileReference; lastKnownFileType = sourcecode.swift; path = Reminder.swift; sourceTree = "<group>"; };
		6379A82C2914E3DF00E1DB6E /* UIColoe+Today.swift */ = {isa = PBXFileReference; lastKnownFileType = sourcecode.swift; path = "UIColoe+Today.swift"; sourceTree = "<group>"; };
		6379A82E2914E3E600E1DB6E /* Date+Today.swift */ = {isa = PBXFileReference; lastKnownFileType = sourcecode.swift; path = "Date+Today.swift"; sourceTree = "<group>"; };
		6379A8312914E9AF00E1DB6E /* ReminderListViewController+DataSource.swift */ = {isa = PBXFileReference; lastKnownFileType = sourcecode.swift; path = "ReminderListViewController+DataSource.swift"; sourceTree = "<group>"; };
		6379A83329162D0500E1DB6E /* ReminderDoneButton.swift */ = {isa = PBXFileReference; lastKnownFileType = sourcecode.swift; path = ReminderDoneButton.swift; sourceTree = "<group>"; };
/* End PBXFileReference section */

/* Begin PBXFrameworksBuildPhase section */
		6379A80F2914AB2900E1DB6E /* Frameworks */ = {
			isa = PBXFrameworksBuildPhase;
			buildActionMask = 2147483647;
			files = (
			);
			runOnlyForDeploymentPostprocessing = 0;
		};
/* End PBXFrameworksBuildPhase section */

/* Begin PBXGroup section */
		6379A8092914AB2900E1DB6E = {
			isa = PBXGroup;
			children = (
				6379A8142914AB2900E1DB6E /* HappyToday */,
				6379A8132914AB2900E1DB6E /* Products */,
			);
			sourceTree = "<group>";
		};
		6379A8132914AB2900E1DB6E /* Products */ = {
			isa = PBXGroup;
			children = (
				6379A8122914AB2900E1DB6E /* HappyToday.app */,
			);
			name = Products;
			sourceTree = "<group>";
		};
		6379A8142914AB2900E1DB6E /* HappyToday */ = {
			isa = PBXGroup;
			children = (
				6379A8292914CFF900E1DB6E /* Models */,
				6379A8152914AB2900E1DB6E /* AppDelegate.swift */,
				6379A8172914AB2900E1DB6E /* SceneDelegate.swift */,
				6379A8302914E97600E1DB6E /* ListViewController */,
				6379A81B2914AB2900E1DB6E /* Main.storyboard */,
				6379A81E2914AB2B00E1DB6E /* Assets.xcassets */,
				6379A8202914AB2B00E1DB6E /* LaunchScreen.storyboard */,
				6379A8232914AB2B00E1DB6E /* Info.plist */,
			);
			path = HappyToday;
			sourceTree = "<group>";
		};
		6379A8292914CFF900E1DB6E /* Models */ = {
			isa = PBXGroup;
			children = (
				6379A82A2914D01400E1DB6E /* Reminder.swift */,
				6379A82C2914E3DF00E1DB6E /* UIColoe+Today.swift */,
				6379A82E2914E3E600E1DB6E /* Date+Today.swift */,
				6379A83329162D0500E1DB6E /* ReminderDoneButton.swift */,
			);
			path = Models;
			sourceTree = "<group>";
		};
		6379A8302914E97600E1DB6E /* ListViewController */ = {
			isa = PBXGroup;
			children = (
				6379A8192914AB2900E1DB6E /* ReminderListViewController.swift */,
				6379A8312914E9AF00E1DB6E /* ReminderListViewController+DataSource.swift */,
			);
			path = ListViewController;
			sourceTree = "<group>";
		};
/* End PBXGroup section */

/* Begin PBXNativeTarget section */
		6379A8112914AB2900E1DB6E /* HappyToday */ = {
			isa = PBXNativeTarget;
			buildConfigurationList = 6379A8262914AB2B00E1DB6E /* Build configuration list for PBXNativeTarget "HappyToday" */;
			buildPhases = (
				6379A80E2914AB2900E1DB6E /* Sources */,
				6379A80F2914AB2900E1DB6E /* Frameworks */,
				6379A8102914AB2900E1DB6E /* Resources */,
			);
			buildRules = (
			);
			dependencies = (
			);
			name = HappyToday;
			productName = HappyToday;
			productReference = 6379A8122914AB2900E1DB6E /* HappyToday.app */;
			productType = "com.apple.product-type.application";
		};
/* End PBXNativeTarget section */

/* Begin PBXProject section */
		6379A80A2914AB2900E1DB6E /* Project object */ = {
			isa = PBXProject;
			attributes = {
				BuildIndependentTargetsInParallel = 1;
				LastSwiftUpdateCheck = 1400;
				LastUpgradeCheck = 1400;
				TargetAttributes = {
					6379A8112914AB2900E1DB6E = {
						CreatedOnToolsVersion = 14.0;
					};
				};
			};
			buildConfigurationList = 6379A80D2914AB2900E1DB6E /* Build configuration list for PBXProject "HappyToday" */;
			compatibilityVersion = "Xcode 14.0";
			developmentRegion = en;
			hasScannedForEncodings = 0;
			knownRegions = (
				en,
				Base,
			);
			mainGroup = 6379A8092914AB2900E1DB6E;
			productRefGroup = 6379A8132914AB2900E1DB6E /* Products */;
			projectDirPath = "";
			projectRoot = "";
			targets = (
				6379A8112914AB2900E1DB6E /* HappyToday */,
			);
		};
/* End PBXProject section */

/* Begin PBXResourcesBuildPhase section */
		6379A8102914AB2900E1DB6E /* Resources */ = {
			isa = PBXResourcesBuildPhase;
			buildActionMask = 2147483647;
			files = (
				6379A8222914AB2B00E1DB6E /* LaunchScreen.storyboard in Resources */,
				6379A81F2914AB2B00E1DB6E /* Assets.xcassets in Resources */,
				6379A81D2914AB2900E1DB6E /* Main.storyboard in Resources */,
			);
			runOnlyForDeploymentPostprocessing = 0;
		};
/* End PBXResourcesBuildPhase section */

/* Begin PBXSourcesBuildPhase section */
		6379A80E2914AB2900E1DB6E /* Sources */ = {
			isa = PBXSourcesBuildPhase;
			buildActionMask = 2147483647;
			files = (
				6379A81A2914AB2900E1DB6E /* ReminderListViewController.swift in Sources */,
				6379A8162914AB2900E1DB6E /* AppDelegate.swift in Sources */,
				6379A8182914AB2900E1DB6E /* SceneDelegate.swift in Sources */,
				6379A83429162D0500E1DB6E /* ReminderDoneButton.swift in Sources */,
				6379A82F2914E3E600E1DB6E /* Date+Today.swift in Sources */,
				6379A8322914E9AF00E1DB6E /* ReminderListViewController+DataSource.swift in Sources */,
				6379A82B2914D01400E1DB6E /* Reminder.swift in Sources */,
				6379A82D2914E3DF00E1DB6E /* UIColoe+Today.swift in Sources */,
			);
			runOnlyForDeploymentPostprocessing = 0;
		};
/* End PBXSourcesBuildPhase section */

/* Begin PBXVariantGroup section */
		6379A81B2914AB2900E1DB6E /* Main.storyboard */ = {
			isa = PBXVariantGroup;
			children = (
				6379A81C2914AB2900E1DB6E /* Base */,
			);
			name = Main.storyboard;
			sourceTree = "<group>";
		};
		6379A8202914AB2B00E1DB6E /* LaunchScreen.storyboard */ = {
			isa = PBXVariantGroup;
			children = (
				6379A8212914AB2B00E1DB6E /* Base */,
			);
			name = LaunchScreen.storyboard;
			sourceTree = "<group>";
		};
/* End PBXVariantGroup section */

/* Begin XCBuildConfiguration section */
		6379A8242914AB2B00E1DB6E /* Debug */ = {
			isa = XCBuildConfiguration;
			buildSettings = {
				ALWAYS_SEARCH_USER_PATHS = NO;
				CLANG_ANALYZER_NONNULL = YES;
				CLANG_ANALYZER_NUMBER_OBJECT_CONVERSION = YES_AGGRESSIVE;
				CLANG_CXX_LANGUAGE_STANDARD = "gnu++20";
				CLANG_ENABLE_MODULES = YES;
				CLANG_ENABLE_OBJC_ARC = YES;
				CLANG_ENABLE_OBJC_WEAK = YES;
				CLANG_WARN_BLOCK_CAPTURE_AUTORELEASING = YES;
				CLANG_WARN_BOOL_CONVERSION = YES;
				CLANG_WARN_COMMA = YES;
				CLANG_WARN_CONSTANT_CONVERSION = YES;
				CLANG_WARN_DEPRECATED_OBJC_IMPLEMENTATIONS = YES;
				CLANG_WARN_DIRECT_OBJC_ISA_USAGE = YES_ERROR;
				CLANG_WARN_DOCUMENTATION_COMMENTS = YES;
				CLANG_WARN_EMPTY_BODY = YES;
				CLANG_WARN_ENUM_CONVERSION = YES;
				CLANG_WARN_INFINITE_RECURSION = YES;
				CLANG_WARN_INT_CONVERSION = YES;
				CLANG_WARN_NON_LITERAL_NULL_CONVERSION = YES;
				CLANG_WARN_OBJC_IMPLICIT_RETAIN_SELF = YES;
				CLANG_WARN_OBJC_LITERAL_CONVERSION = YES;
				CLANG_WARN_OBJC_ROOT_CLASS = YES_ERROR;
				CLANG_WARN_QUOTED_INCLUDE_IN_FRAMEWORK_HEADER = YES;
				CLANG_WARN_RANGE_LOOP_ANALYSIS = YES;
				CLANG_WARN_STRICT_PROTOTYPES = YES;
				CLANG_WARN_SUSPICIOUS_MOVE = YES;
				CLANG_WARN_UNGUARDED_AVAILABILITY = YES_AGGRESSIVE;
				CLANG_WARN_UNREACHABLE_CODE = YES;
				CLANG_WARN__DUPLICATE_METHOD_MATCH = YES;
				COPY_PHASE_STRIP = NO;
				DEBUG_INFORMATION_FORMAT = dwarf;
				ENABLE_STRICT_OBJC_MSGSEND = YES;
				ENABLE_TESTABILITY = YES;
				GCC_C_LANGUAGE_STANDARD = gnu11;
				GCC_DYNAMIC_NO_PIC = NO;
				GCC_NO_COMMON_BLOCKS = YES;
				GCC_OPTIMIZATION_LEVEL = 0;
				GCC_PREPROCESSOR_DEFINITIONS = (
					"DEBUG=1",
					"$(inherited)",
				);
				GCC_WARN_64_TO_32_BIT_CONVERSION = YES;
				GCC_WARN_ABOUT_RETURN_TYPE = YES_ERROR;
				GCC_WARN_UNDECLARED_SELECTOR = YES;
				GCC_WARN_UNINITIALIZED_AUTOS = YES_AGGRESSIVE;
				GCC_WARN_UNUSED_FUNCTION = YES;
				GCC_WARN_UNUSED_VARIABLE = YES;
				IPHONEOS_DEPLOYMENT_TARGET = 16.0;
				MTL_ENABLE_DEBUG_INFO = INCLUDE_SOURCE;
				MTL_FAST_MATH = YES;
				ONLY_ACTIVE_ARCH = YES;
				SDKROOT = iphoneos;
				SWIFT_ACTIVE_COMPILATION_CONDITIONS = DEBUG;
				SWIFT_OPTIMIZATION_LEVEL = "-Onone";
			};
			name = Debug;
		};
		6379A8252914AB2B00E1DB6E /* Release */ = {
			isa = XCBuildConfiguration;
			buildSettings = {
				ALWAYS_SEARCH_USER_PATHS = NO;
				CLANG_ANALYZER_NONNULL = YES;
				CLANG_ANALYZER_NUMBER_OBJECT_CONVERSION = YES_AGGRESSIVE;
				CLANG_CXX_LANGUAGE_STANDARD = "gnu++20";
				CLANG_ENABLE_MODULES = YES;
				CLANG_ENABLE_OBJC_ARC = YES;
				CLANG_ENABLE_OBJC_WEAK = YES;
				CLANG_WARN_BLOCK_CAPTURE_AUTORELEASING = YES;
				CLANG_WARN_BOOL_CONVERSION = YES;
				CLANG_WARN_COMMA = YES;
				CLANG_WARN_CONSTANT_CONVERSION = YES;
				CLANG_WARN_DEPRECATED_OBJC_IMPLEMENTATIONS = YES;
				CLANG_WARN_DIRECT_OBJC_ISA_USAGE = YES_ERROR;
				CLANG_WARN_DOCUMENTATION_COMMENTS = YES;
				CLANG_WARN_EMPTY_BODY = YES;
				CLANG_WARN_ENUM_CONVERSION = YES;
				CLANG_WARN_INFINITE_RECURSION = YES;
				CLANG_WARN_INT_CONVERSION = YES;
				CLANG_WARN_NON_LITERAL_NULL_CONVERSION = YES;
				CLANG_WARN_OBJC_IMPLICIT_RETAIN_SELF = YES;
				CLANG_WARN_OBJC_LITERAL_CONVERSION = YES;
				CLANG_WARN_OBJC_ROOT_CLASS = YES_ERROR;
				CLANG_WARN_QUOTED_INCLUDE_IN_FRAMEWORK_HEADER = YES;
				CLANG_WARN_RANGE_LOOP_ANALYSIS = YES;
				CLANG_WARN_STRICT_PROTOTYPES = YES;
				CLANG_WARN_SUSPICIOUS_MOVE = YES;
				CLANG_WARN_UNGUARDED_AVAILABILITY = YES_AGGRESSIVE;
				CLANG_WARN_UNREACHABLE_CODE = YES;
				CLANG_WARN__DUPLICATE_METHOD_MATCH = YES;
				COPY_PHASE_STRIP = NO;
				DEBUG_INFORMATION_FORMAT = "dwarf-with-dsym";
				ENABLE_NS_ASSERTIONS = NO;
				ENABLE_STRICT_OBJC_MSGSEND = YES;
				GCC_C_LANGUAGE_STANDARD = gnu11;
				GCC_NO_COMMON_BLOCKS = YES;
				GCC_WARN_64_TO_32_BIT_CONVERSION = YES;
				GCC_WARN_ABOUT_RETURN_TYPE = YES_ERROR;
				GCC_WARN_UNDECLARED_SELECTOR = YES;
				GCC_WARN_UNINITIALIZED_AUTOS = YES_AGGRESSIVE;
				GCC_WARN_UNUSED_FUNCTION = YES;
				GCC_WARN_UNUSED_VARIABLE = YES;
				IPHONEOS_DEPLOYMENT_TARGET = 16.0;
				MTL_ENABLE_DEBUG_INFO = NO;
				MTL_FAST_MATH = YES;
				SDKROOT = iphoneos;
				SWIFT_COMPILATION_MODE = wholemodule;
				SWIFT_OPTIMIZATION_LEVEL = "-O";
				VALIDATE_PRODUCT = YES;
			};
			name = Release;
		};
		6379A8272914AB2B00E1DB6E /* Debug */ = {
			isa = XCBuildConfiguration;
			buildSettings = {
				ASSETCATALOG_COMPILER_APPICON_NAME = AppIcon;
				ASSETCATALOG_COMPILER_GLOBAL_ACCENT_COLOR_NAME = AccentColor;
				CODE_SIGN_STYLE = Automatic;
				CURRENT_PROJECT_VERSION = 1;
				GENERATE_INFOPLIST_FILE = YES;
				INFOPLIST_FILE = HappyToday/Info.plist;
				INFOPLIST_KEY_UIApplicationSupportsIndirectInputEvents = YES;
				INFOPLIST_KEY_UILaunchStoryboardName = LaunchScreen;
				INFOPLIST_KEY_UIMainStoryboardFile = Main;
				INFOPLIST_KEY_UISupportedInterfaceOrientations_iPad = "UIInterfaceOrientationPortrait UIInterfaceOrientationPortraitUpsideDown UIInterfaceOrientationLandscapeLeft UIInterfaceOrientationLandscapeRight";
				INFOPLIST_KEY_UISupportedInterfaceOrientations_iPhone = "UIInterfaceOrientationPortrait UIInterfaceOrientationLandscapeLeft UIInterfaceOrientationLandscapeRight";
				IPHONEOS_DEPLOYMENT_TARGET = 15.0;
				LD_RUNPATH_SEARCH_PATHS = (
					"$(inherited)",
					"@executable_path/Frameworks",
				);
				MARKETING_VERSION = 1.0;
				PRODUCT_BUNDLE_IDENTIFIER = kr.co.hemg2.HappyToday;
				PRODUCT_NAME = "$(TARGET_NAME)";
				SWIFT_EMIT_LOC_STRINGS = YES;
				SWIFT_VERSION = 5.0;
				TARGETED_DEVICE_FAMILY = "1,2";
			};
			name = Debug;
		};
		6379A8282914AB2B00E1DB6E /* Release */ = {
			isa = XCBuildConfiguration;
			buildSettings = {
				ASSETCATALOG_COMPILER_APPICON_NAME = AppIcon;
				ASSETCATALOG_COMPILER_GLOBAL_ACCENT_COLOR_NAME = AccentColor;
				CODE_SIGN_STYLE = Automatic;
				CURRENT_PROJECT_VERSION = 1;
				GENERATE_INFOPLIST_FILE = YES;
				INFOPLIST_FILE = HappyToday/Info.plist;
				INFOPLIST_KEY_UIApplicationSupportsIndirectInputEvents = YES;
				INFOPLIST_KEY_UILaunchStoryboardName = LaunchScreen;
				INFOPLIST_KEY_UIMainStoryboardFile = Main;
				INFOPLIST_KEY_UISupportedInterfaceOrientations_iPad = "UIInterfaceOrientationPortrait UIInterfaceOrientationPortraitUpsideDown UIInterfaceOrientationLandscapeLeft UIInterfaceOrientationLandscapeRight";
				INFOPLIST_KEY_UISupportedInterfaceOrientations_iPhone = "UIInterfaceOrientationPortrait UIInterfaceOrientationLandscapeLeft UIInterfaceOrientationLandscapeRight";
				IPHONEOS_DEPLOYMENT_TARGET = 15.0;
				LD_RUNPATH_SEARCH_PATHS = (
					"$(inherited)",
					"@executable_path/Frameworks",
				);
				MARKETING_VERSION = 1.0;
				PRODUCT_BUNDLE_IDENTIFIER = kr.co.hemg2.HappyToday;
				PRODUCT_NAME = "$(TARGET_NAME)";
				SWIFT_EMIT_LOC_STRINGS = YES;
				SWIFT_VERSION = 5.0;
				TARGETED_DEVICE_FAMILY = "1,2";
			};
			name = Release;
		};
/* End XCBuildConfiguration section */

/* Begin XCConfigurationList section */
		6379A80D2914AB2900E1DB6E /* Build configuration list for PBXProject "HappyToday" */ = {
			isa = XCConfigurationList;
			buildConfigurations = (
				6379A8242914AB2B00E1DB6E /* Debug */,
				6379A8252914AB2B00E1DB6E /* Release */,
			);
			defaultConfigurationIsVisible = 0;
			defaultConfigurationName = Release;
		};
		6379A8262914AB2B00E1DB6E /* Build configuration list for PBXNativeTarget "HappyToday" */ = {
			isa = XCConfigurationList;
			buildConfigurations = (
				6379A8272914AB2B00E1DB6E /* Debug */,
				6379A8282914AB2B00E1DB6E /* Release */,
			);
			defaultConfigurationIsVisible = 0;
			defaultConfigurationName = Release;
		};
/* End XCConfigurationList section */
	};
	rootObject = 6379A80A2914AB2900E1DB6E /* Project object */;
}
